
Microsoft Visual Studio Solution File, Format Version 9.00
# Visual Studio 2005
Project("{2150E333-8FDC-42A3-9474-1A3956D46DE8}") = "Solution Items", "Solution Items", "{79C8CCA0-E344-4CB0-A6A2-2EB46FAEC945}"
	ProjectSection(SolutionItems) = preProject
		UnitTest\localtestrun.testrunconfig = UnitTest\localtestrun.testrunconfig
		SharedAssemblyInfo.cs = SharedAssemblyInfo.cs
		WakeUp.vsmdi = WakeUp.vsmdi
	EndProjectSection
EndProject
Project("{2150E333-8FDC-42A3-9474-1A3956D46DE8}") = "UnitTest", "UnitTest", "{95C9C846-60A1-4832-B955-03129D45C4A8}"
EndProject
Project("{2150E333-8FDC-42A3-9474-1A3956D46DE8}") = "Presentation", "Presentation", "{341FF4F1-4AB2-436A-9417-3AC59F482B45}"
EndProject
Project("{2150E333-8FDC-42A3-9474-1A3956D46DE8}") = "Components", "Components", "{56F338A4-4076-485C-B9F1-53A5ABCE0BCC}"
EndProject
Project("{FAE04EC0-301F-11D3-BF4B-00C04F79EFBC}") = "Madcow.Network.Management", "Components\Madcow.Network.Management\Madcow.Network.Management.csproj", "{F14227FC-3D29-43F8-871C-433E37272DA7}"
EndProject
Project("{2150E333-8FDC-42A3-9474-1A3956D46DE8}") = "Components", "Components", "{D2F5A216-4654-4405-9255-D3EC407A065C}"
EndProject
Project("{FAE04EC0-301F-11D3-BF4B-00C04F79EFBC}") = "Madcow.UnitTest.Network.Management", "UnitTest\Components\Madcow.Network.Management\Madcow.UnitTest.Network.Management.csproj", "{6272A072-ED31-42EB-9CDB-B955C2D6A13E}"
EndProject
Project("{2150E333-8FDC-42A3-9474-1A3956D46DE8}") = "Installer", "Installer", "{9CBFA19A-7D06-42FD-9EDB-F91B8FC751ED}"
EndProject
Project("{FAE04EC0-301F-11D3-BF4B-00C04F79EFBC}") = "Madcow.Wek.Components", "Components\Madcow.Wek.Components\Madcow.Wek.Components.csproj", "{64C25DAF-E2D1-4ACB-9F68-D84557A4FFAE}"
EndProject
Project("{FAE04EC0-301F-11D3-BF4B-00C04F79EFBC}") = "Madcow.ComponentModel", "Components\Madcow.ComponentModel\Madcow.ComponentModel.csproj", "{8BE04423-D541-48AB-A5D0-9CBC37CE8AE8}"
EndProject
Project("{FAE04EC0-301F-11D3-BF4B-00C04F79EFBC}") = "Madcow.Wek.UI.Controls", "UI\Madcow.Wek.UI.Controls\Madcow.Wek.UI.Controls.csproj", "{02B4BFEF-5721-4AEA-9A3D-8F7BDDB12B5F}"
EndProject
Project("{FAE04EC0-301F-11D3-BF4B-00C04F79EFBC}") = "Madcow.Wek.UI", "UI\Madcow.Wek.UI\Madcow.Wek.UI.csproj", "{0817C433-CA33-42FD-A1B0-4283B0681EEB}"
EndProject
Project("{930C7802-8A8C-48F9-8165-68863BCCD9DD}") = "Wek", "Installer\Wek.wixproj", "{6B22C66B-F964-4BB2-8BD9-2D0878421F71}"
EndProject
Global
	GlobalSection(SolutionConfigurationPlatforms) = preSolution
		Debug|Any CPU = Debug|Any CPU
		Debug|Mixed Platforms = Debug|Mixed Platforms
		Debug|x86 = Debug|x86
		Release|Any CPU = Release|Any CPU
		Release|Mixed Platforms = Release|Mixed Platforms
		Release|x86 = Release|x86
	EndGlobalSection
	GlobalSection(ProjectConfigurationPlatforms) = postSolution
		{F14227FC-3D29-43F8-871C-433E37272DA7}.Debug|Any CPU.ActiveCfg = Debug|Any CPU
		{F14227FC-3D29-43F8-871C-433E37272DA7}.Debug|Any CPU.Build.0 = Debug|Any CPU
		{F14227FC-3D29-43F8-871C-433E37272DA7}.Debug|Mixed Platforms.ActiveCfg = Debug|Any CPU
		{F14227FC-3D29-43F8-871C-433E37272DA7}.Debug|Mixed Platforms.Build.0 = Debug|Any CPU
		{F14227FC-3D29-43F8-871C-433E37272DA7}.Debug|x86.ActiveCfg = Debug|Any CPU
		{F14227FC-3D29-43F8-871C-433E37272DA7}.Release|Any CPU.ActiveCfg = Release|Any CPU
		{F14227FC-3D29-43F8-871C-433E37272DA7}.Release|Any CPU.Build.0 = Release|Any CPU
		{F14227FC-3D29-43F8-871C-433E37272DA7}.Release|Mixed Platforms.ActiveCfg = Release|Any CPU
		{F14227FC-3D29-43F8-871C-433E37272DA7}.Release|Mixed Platforms.Build.0 = Release|Any CPU
		{F14227FC-3D29-43F8-871C-433E37272DA7}.Release|x86.ActiveCfg = Release|Any CPU
		{6272A072-ED31-42EB-9CDB-B955C2D6A13E}.Debug|Any CPU.ActiveCfg = Debug|Any CPU
		{6272A072-ED31-42EB-9CDB-B955C2D6A13E}.Debug|Any CPU.Build.0 = Debug|Any CPU
		{6272A072-ED31-42EB-9CDB-B955C2D6A13E}.Debug|Mixed Platforms.ActiveCfg = Debug|Any CPU
		{6272A072-ED31-42EB-9CDB-B955C2D6A13E}.Debug|Mixed Platforms.Build.0 = Debug|Any CPU
		{6272A072-ED31-42EB-9CDB-B955C2D6A13E}.Debug|x86.ActiveCfg = Debug|Any CPU
		{6272A072-ED31-42EB-9CDB-B955C2D6A13E}.Release|Any CPU.ActiveCfg = Release|Any CPU
		{6272A072-ED31-42EB-9CDB-B955C2D6A13E}.Release|Any CPU.Build.0 = Release|Any CPU
		{6272A072-ED31-42EB-9CDB-B955C2D6A13E}.Release|Mixed Platforms.ActiveCfg = Release|Any CPU
		{6272A072-ED31-42EB-9CDB-B955C2D6A13E}.Release|Mixed Platforms.Build.0 = Release|Any CPU
		{6272A072-ED31-42EB-9CDB-B955C2D6A13E}.Release|x86.ActiveCfg = Release|Any CPU
		{64C25DAF-E2D1-4ACB-9F68-D84557A4FFAE}.Debug|Any CPU.ActiveCfg = Debug|Any CPU
		{64C25DAF-E2D1-4ACB-9F68-D84557A4FFAE}.Debug|Any CPU.Build.0 = Debug|Any CPU
		{64C25DAF-E2D1-4ACB-9F68-D84557A4FFAE}.Debug|Mixed Platforms.ActiveCfg = Debug|Any CPU
		{64C25DAF-E2D1-4ACB-9F68-D84557A4FFAE}.Debug|Mixed Platforms.Build.0 = Debug|Any CPU
		{64C25DAF-E2D1-4ACB-9F68-D84557A4FFAE}.Debug|x86.ActiveCfg = Debug|Any CPU
		{64C25DAF-E2D1-4ACB-9F68-D84557A4FFAE}.Release|Any CPU.ActiveCfg = Release|Any CPU
		{64C25DAF-E2D1-4ACB-9F68-D84557A4FFAE}.Release|Any CPU.Build.0 = Release|Any CPU
		{64C25DAF-E2D1-4ACB-9F68-D84557A4FFAE}.Release|Mixed Platforms.ActiveCfg = Release|Any CPU
		{64C25DAF-E2D1-4ACB-9F68-D84557A4FFAE}.Release|Mixed Platforms.Build.0 = Release|Any CPU
		{64C25DAF-E2D1-4ACB-9F68-D84557A4FFAE}.Release|x86.ActiveCfg = Release|Any CPU
		{8BE04423-D541-48AB-A5D0-9CBC37CE8AE8}.Debug|Any CPU.ActiveCfg = Debug|Any CPU
		{8BE04423-D541-48AB-A5D0-9CBC37CE8AE8}.Debug|Any CPU.Build.0 = Debug|Any CPU
		{8BE04423-D541-48AB-A5D0-9CBC37CE8AE8}.Debug|Mixed Platforms.ActiveCfg = Debug|Any CPU
		{8BE04423-D541-48AB-A5D0-9CBC37CE8AE8}.Debug|Mixed Platforms.Build.0 = Debug|Any CPU
		{8BE04423-D541-48AB-A5D0-9CBC37CE8AE8}.Debug|x86.ActiveCfg = Debug|Any CPU
		{8BE04423-D541-48AB-A5D0-9CBC37CE8AE8}.Release|Any CPU.ActiveCfg = Release|Any CPU
		{8BE04423-D541-48AB-A5D0-9CBC37CE8AE8}.Release|Any CPU.Build.0 = Release|Any CPU
		{8BE04423-D541-48AB-A5D0-9CBC37CE8AE8}.Release|Mixed Platforms.ActiveCfg = Release|Any CPU
		{8BE04423-D541-48AB-A5D0-9CBC37CE8AE8}.Release|Mixed Platforms.Build.0 = Release|Any CPU
		{8BE04423-D541-48AB-A5D0-9CBC37CE8AE8}.Release|x86.ActiveCfg = Release|Any CPU
		{02B4BFEF-5721-4AEA-9A3D-8F7BDDB12B5F}.Debug|Any CPU.ActiveCfg = Debug|Any CPU
		{02B4BFEF-5721-4AEA-9A3D-8F7BDDB12B5F}.Debug|Any CPU.Build.0 = Debug|Any CPU
		{02B4BFEF-5721-4AEA-9A3D-8F7BDDB12B5F}.Debug|Mixed Platforms.ActiveCfg = Debug|Any CPU
		{02B4BFEF-5721-4AEA-9A3D-8F7BDDB12B5F}.Debug|Mixed Platforms.Build.0 = Debug|Any CPU
		{02B4BFEF-5721-4AEA-9A3D-8F7BDDB12B5F}.Debug|x86.ActiveCfg = Debug|Any CPU
		{02B4BFEF-5721-4AEA-9A3D-8F7BDDB12B5F}.Release|Any CPU.ActiveCfg = Release|Any CPU
		{02B4BFEF-5721-4AEA-9A3D-8F7BDDB12B5F}.Release|Any CPU.Build.0 = Release|Any CPU
		{02B4BFEF-5721-4AEA-9A3D-8F7BDDB12B5F}.Release|Mixed Platforms.ActiveCfg = Release|Any CPU
		{02B4BFEF-5721-4AEA-9A3D-8F7BDDB12B5F}.Release|Mixed Platforms.Build.0 = Release|Any CPU
		{02B4BFEF-5721-4AEA-9A3D-8F7BDDB12B5F}.Release|x86.ActiveCfg = Release|Any CPU
		{0817C433-CA33-42FD-A1B0-4283B0681EEB}.Debug|Any CPU.ActiveCfg = Debug|Any CPU
		{0817C433-CA33-42FD-A1B0-4283B0681EEB}.Debug|Any CPU.Build.0 = Debug|Any CPU
		{0817C433-CA33-42FD-A1B0-4283B0681EEB}.Debug|Mixed Platforms.ActiveCfg = Debug|Any CPU
		{0817C433-CA33-42FD-A1B0-4283B0681EEB}.Debug|Mixed Platforms.Build.0 = Debug|Any CPU
		{0817C433-CA33-42FD-A1B0-4283B0681EEB}.Debug|x86.ActiveCfg = Debug|Any CPU
		{0817C433-CA33-42FD-A1B0-4283B0681EEB}.Release|Any CPU.ActiveCfg = Release|Any CPU
		{0817C433-CA33-42FD-A1B0-4283B0681EEB}.Release|Any CPU.Build.0 = Release|Any CPU
		{0817C433-CA33-42FD-A1B0-4283B0681EEB}.Release|Mixed Platforms.ActiveCfg = Release|Any CPU
		{0817C433-CA33-42FD-A1B0-4283B0681EEB}.Release|Mixed Platforms.Build.0 = Release|Any CPU
		{0817C433-CA33-42FD-A1B0-4283B0681EEB}.Release|x86.ActiveCfg = Release|Any CPU
		{6B22C66B-F964-4BB2-8BD9-2D0878421F71}.Debug|Any CPU.ActiveCfg = Debug|x86
		{6B22C66B-F964-4BB2-8BD9-2D0878421F71}.Debug|Mixed Platforms.ActiveCfg = Debug|x86
		{6B22C66B-F964-4BB2-8BD9-2D0878421F71}.Debug|Mixed Platforms.Build.0 = Debug|x86
		{6B22C66B-F964-4BB2-8BD9-2D0878421F71}.Debug|x86.ActiveCfg = Debug|x86
		{6B22C66B-F964-4BB2-8BD9-2D0878421F71}.Debug|x86.Build.0 = Debug|x86
		{6B22C66B-F964-4BB2-8BD9-2D0878421F71}.Release|Any CPU.ActiveCfg = Release|x86
		{6B22C66B-F964-4BB2-8BD9-2D0878421F71}.Release|Mixed Platforms.ActiveCfg = Release|x86
		{6B22C66B-F964-4BB2-8BD9-2D0878421F71}.Release|Mixed Platforms.Build.0 = Release|x86
		{6B22C66B-F964-4BB2-8BD9-2D0878421F71}.Release|x86.ActiveCfg = Release|x86
		{6B22C66B-F964-4BB2-8BD9-2D0878421F71}.Release|x86.Build.0 = Release|x86
	EndGlobalSection
	GlobalSection(SolutionProperties) = preSolution
		HideSolutionNode = FALSE
	EndGlobalSection
	GlobalSection(NestedProjects) = preSolution
		{D2F5A216-4654-4405-9255-D3EC407A065C} = {95C9C846-60A1-4832-B955-03129D45C4A8}
		{02B4BFEF-5721-4AEA-9A3D-8F7BDDB12B5F} = {341FF4F1-4AB2-436A-9417-3AC59F482B45}
		{0817C433-CA33-42FD-A1B0-4283B0681EEB} = {341FF4F1-4AB2-436A-9417-3AC59F482B45}
		{F14227FC-3D29-43F8-871C-433E37272DA7} = {56F338A4-4076-485C-B9F1-53A5ABCE0BCC}
		{64C25DAF-E2D1-4ACB-9F68-D84557A4FFAE} = {56F338A4-4076-485C-B9F1-53A5ABCE0BCC}
		{8BE04423-D541-48AB-A5D0-9CBC37CE8AE8} = {56F338A4-4076-485C-B9F1-53A5ABCE0BCC}
		{6272A072-ED31-42EB-9CDB-B955C2D6A13E} = {D2F5A216-4654-4405-9255-D3EC407A065C}
		{6B22C66B-F964-4BB2-8BD9-2D0878421F71} = {9CBFA19A-7D06-42FD-9EDB-F91B8FC751ED}
	EndGlobalSection
EndGlobal
